// !$*UTF8*$!
{
	archiveVersion = 1;
	classes = {
	};
	objectVersion = 51;
	objects = {

/* Begin PBXBuildFile section */
		277F7B90253A5A34009B1E7C /* AppDelegate.swift in Sources */ = {isa = PBXBuildFile; fileRef = 277F7B8F253A5A34009B1E7C /* AppDelegate.swift */; };
		277F7B92253A5A34009B1E7C /* SceneDelegate.swift in Sources */ = {isa = PBXBuildFile; fileRef = 277F7B91253A5A34009B1E7C /* SceneDelegate.swift */; };
		277F7B94253A5A34009B1E7C /* HomeVC.swift in Sources */ = {isa = PBXBuildFile; fileRef = 277F7B93253A5A34009B1E7C /* HomeVC.swift */; };
		277F7B97253A5A34009B1E7C /* Main.storyboard in Resources */ = {isa = PBXBuildFile; fileRef = 277F7B95253A5A34009B1E7C /* Main.storyboard */; };
		277F7B99253A5A3A009B1E7C /* Assets.xcassets in Resources */ = {isa = PBXBuildFile; fileRef = 277F7B98253A5A3A009B1E7C /* Assets.xcassets */; };
		277F7B9C253A5A3A009B1E7C /* LaunchScreen.storyboard in Resources */ = {isa = PBXBuildFile; fileRef = 277F7B9A253A5A3A009B1E7C /* LaunchScreen.storyboard */; };
		277F7BA7253A5A3A009B1E7C /* FootballLeagueTests.swift in Sources */ = {isa = PBXBuildFile; fileRef = 277F7BA6253A5A3A009B1E7C /* FootballLeagueTests.swift */; };
		277F7BB2253A5A3B009B1E7C /* FootballLeagueUITests.swift in Sources */ = {isa = PBXBuildFile; fileRef = 277F7BB1253A5A3B009B1E7C /* FootballLeagueUITests.swift */; };
		277F7C8E253A6796009B1E7C /* ColorExt.swift in Sources */ = {isa = PBXBuildFile; fileRef = 277F7C8D253A6796009B1E7C /* ColorExt.swift */; };
		277F7C96253A6868009B1E7C /* Team.swift in Sources */ = {isa = PBXBuildFile; fileRef = 277F7C95253A6868009B1E7C /* Team.swift */; };
		277F7C9B253A68C5009B1E7C /* TeamVM.swift in Sources */ = {isa = PBXBuildFile; fileRef = 277F7C9A253A68C5009B1E7C /* TeamVM.swift */; };
		277F7CA0253A6D8A009B1E7C /* Area.swift in Sources */ = {isa = PBXBuildFile; fileRef = 277F7C9F253A6D8A009B1E7C /* Area.swift */; };
		277F7CA6253A7251009B1E7C /* Season.swift in Sources */ = {isa = PBXBuildFile; fileRef = 277F7CA5253A7251009B1E7C /* Season.swift */; };
		277F7CAB253A73B8009B1E7C /* Competition.swift in Sources */ = {isa = PBXBuildFile; fileRef = 277F7CAA253A73B8009B1E7C /* Competition.swift */; };
		277F7CB0253A7506009B1E7C /* CompetitionTeams.swift in Sources */ = {isa = PBXBuildFile; fileRef = 277F7CAF253A7506009B1E7C /* CompetitionTeams.swift */; };
		277F7CBB253A78BE009B1E7C /* CompetitionTeamsVM.swift in Sources */ = {isa = PBXBuildFile; fileRef = 277F7CBA253A78BE009B1E7C /* CompetitionTeamsVM.swift */; };
		277F7CE3253A7D0B009B1E7C /* ServiceBase.swift in Sources */ = {isa = PBXBuildFile; fileRef = 277F7CE2253A7D0B009B1E7C /* ServiceBase.swift */; };
		277F7CF1253A8A9E009B1E7C /* CBTabItemBasicAnimation.swift in Sources */ = {isa = PBXBuildFile; fileRef = 277F7CEB253A8A9D009B1E7C /* CBTabItemBasicAnimation.swift */; };
		277F7CF2253A8A9E009B1E7C /* CBFlashyTabBar.swift in Sources */ = {isa = PBXBuildFile; fileRef = 277F7CEC253A8A9D009B1E7C /* CBFlashyTabBar.swift */; };
		277F7CF3253A8A9E009B1E7C /* CBFlashyTabBarController.swift in Sources */ = {isa = PBXBuildFile; fileRef = 277F7CED253A8A9E009B1E7C /* CBFlashyTabBarController.swift */; };
		277F7CF4253A8A9E009B1E7C /* CBTabItemAnimation.swift in Sources */ = {isa = PBXBuildFile; fileRef = 277F7CEE253A8A9E009B1E7C /* CBTabItemAnimation.swift */; };
		277F7CF5253A8A9E009B1E7C /* CBTabBarButton.swift in Sources */ = {isa = PBXBuildFile; fileRef = 277F7CEF253A8A9E009B1E7C /* CBTabBarButton.swift */; };
		277F7CF6253A8A9E009B1E7C /* CBTabItemDeselectAnimation.swift in Sources */ = {isa = PBXBuildFile; fileRef = 277F7CF0253A8A9E009B1E7C /* CBTabItemDeselectAnimation.swift */; };
		277F7CFB253A8B1D009B1E7C /* CBTabItemSelectAnimation.swift in Sources */ = {isa = PBXBuildFile; fileRef = 277F7CFA253A8B1D009B1E7C /* CBTabItemSelectAnimation.swift */; };
		277F7D00253A8C74009B1E7C /* MainTB.swift in Sources */ = {isa = PBXBuildFile; fileRef = 277F7CFF253A8C74009B1E7C /* MainTB.swift */; };
		277F7D09253A93D7009B1E7C /* LeagueCell.swift in Sources */ = {isa = PBXBuildFile; fileRef = 277F7D07253A93D7009B1E7C /* LeagueCell.swift */; };
		277F7D0A253A93D7009B1E7C /* LeagueCell.xib in Resources */ = {isa = PBXBuildFile; fileRef = 277F7D08253A93D7009B1E7C /* LeagueCell.xib */; };
		277F7D12253A9412009B1E7C /* ViewExt.swift in Sources */ = {isa = PBXBuildFile; fileRef = 277F7D11253A9412009B1E7C /* ViewExt.swift */; };
		277F7D40253A94DA009B1E7C /* CardView.swift in Sources */ = {isa = PBXBuildFile; fileRef = 277F7D3F253A94DA009B1E7C /* CardView.swift */; };
		3AA3FF4AF95FFA81F40C692B /* Pods_FootballLeague.framework in Frameworks */ = {isa = PBXBuildFile; fileRef = B4951B0198C2611AE06CB7C2 /* Pods_FootballLeague.framework */; };
/* End PBXBuildFile section */

/* Begin PBXContainerItemProxy section */
		277F7BA3253A5A3A009B1E7C /* PBXContainerItemProxy */ = {
			isa = PBXContainerItemProxy;
			containerPortal = 277F7B84253A5A34009B1E7C /* Project object */;
			proxyType = 1;
			remoteGlobalIDString = 277F7B8B253A5A34009B1E7C;
			remoteInfo = FootballLeague;
		};
		277F7BAE253A5A3B009B1E7C /* PBXContainerItemProxy */ = {
			isa = PBXContainerItemProxy;
			containerPortal = 277F7B84253A5A34009B1E7C /* Project object */;
			proxyType = 1;
			remoteGlobalIDString = 277F7B8B253A5A34009B1E7C;
			remoteInfo = FootballLeague;
		};
/* End PBXContainerItemProxy section */

/* Begin PBXFileReference section */
		277F7B8C253A5A34009B1E7C /* FootballLeague.app */ = {isa = PBXFileReference; explicitFileType = wrapper.application; includeInIndex = 0; path = FootballLeague.app; sourceTree = BUILT_PRODUCTS_DIR; };
		277F7B8F253A5A34009B1E7C /* AppDelegate.swift */ = {isa = PBXFileReference; lastKnownFileType = sourcecode.swift; path = AppDelegate.swift; sourceTree = "<group>"; };
		277F7B91253A5A34009B1E7C /* SceneDelegate.swift */ = {isa = PBXFileReference; lastKnownFileType = sourcecode.swift; path = SceneDelegate.swift; sourceTree = "<group>"; };
		277F7B93253A5A34009B1E7C /* HomeVC.swift */ = {isa = PBXFileReference; lastKnownFileType = sourcecode.swift; path = HomeVC.swift; sourceTree = "<group>"; };
		277F7B96253A5A34009B1E7C /* Base */ = {isa = PBXFileReference; lastKnownFileType = file.storyboard; name = Base; path = Base.lproj/Main.storyboard; sourceTree = "<group>"; };
		277F7B98253A5A3A009B1E7C /* Assets.xcassets */ = {isa = PBXFileReference; lastKnownFileType = folder.assetcatalog; path = Assets.xcassets; sourceTree = "<group>"; };
		277F7B9B253A5A3A009B1E7C /* Base */ = {isa = PBXFileReference; lastKnownFileType = file.storyboard; name = Base; path = Base.lproj/LaunchScreen.storyboard; sourceTree = "<group>"; };
		277F7B9D253A5A3A009B1E7C /* Info.plist */ = {isa = PBXFileReference; lastKnownFileType = text.plist.xml; path = Info.plist; sourceTree = "<group>"; };
		277F7BA2253A5A3A009B1E7C /* FootballLeagueTests.xctest */ = {isa = PBXFileReference; explicitFileType = wrapper.cfbundle; includeInIndex = 0; path = FootballLeagueTests.xctest; sourceTree = BUILT_PRODUCTS_DIR; };
		277F7BA6253A5A3A009B1E7C /* FootballLeagueTests.swift */ = {isa = PBXFileReference; lastKnownFileType = sourcecode.swift; path = FootballLeagueTests.swift; sourceTree = "<group>"; };
		277F7BA8253A5A3A009B1E7C /* Info.plist */ = {isa = PBXFileReference; lastKnownFileType = text.plist.xml; path = Info.plist; sourceTree = "<group>"; };
		277F7BAD253A5A3B009B1E7C /* FootballLeagueUITests.xctest */ = {isa = PBXFileReference; explicitFileType = wrapper.cfbundle; includeInIndex = 0; path = FootballLeagueUITests.xctest; sourceTree = BUILT_PRODUCTS_DIR; };
		277F7BB1253A5A3B009B1E7C /* FootballLeagueUITests.swift */ = {isa = PBXFileReference; lastKnownFileType = sourcecode.swift; path = FootballLeagueUITests.swift; sourceTree = "<group>"; };
		277F7BB3253A5A3B009B1E7C /* Info.plist */ = {isa = PBXFileReference; lastKnownFileType = text.plist.xml; path = Info.plist; sourceTree = "<group>"; };
		277F7C8D253A6796009B1E7C /* ColorExt.swift */ = {isa = PBXFileReference; lastKnownFileType = sourcecode.swift; path = ColorExt.swift; sourceTree = "<group>"; };
		277F7C95253A6868009B1E7C /* Team.swift */ = {isa = PBXFileReference; lastKnownFileType = sourcecode.swift; path = Team.swift; sourceTree = "<group>"; };
		277F7C9A253A68C5009B1E7C /* TeamVM.swift */ = {isa = PBXFileReference; lastKnownFileType = sourcecode.swift; path = TeamVM.swift; sourceTree = "<group>"; };
		277F7C9F253A6D8A009B1E7C /* Area.swift */ = {isa = PBXFileReference; lastKnownFileType = sourcecode.swift; path = Area.swift; sourceTree = "<group>"; };
		277F7CA5253A7251009B1E7C /* Season.swift */ = {isa = PBXFileReference; lastKnownFileType = sourcecode.swift; path = Season.swift; sourceTree = "<group>"; };
		277F7CAA253A73B8009B1E7C /* Competition.swift */ = {isa = PBXFileReference; lastKnownFileType = sourcecode.swift; path = Competition.swift; sourceTree = "<group>"; };
		277F7CAF253A7506009B1E7C /* CompetitionTeams.swift */ = {isa = PBXFileReference; lastKnownFileType = sourcecode.swift; path = CompetitionTeams.swift; sourceTree = "<group>"; };
		277F7CBA253A78BE009B1E7C /* CompetitionTeamsVM.swift */ = {isa = PBXFileReference; lastKnownFileType = sourcecode.swift; path = CompetitionTeamsVM.swift; sourceTree = "<group>"; };
		277F7CE2253A7D0B009B1E7C /* ServiceBase.swift */ = {isa = PBXFileReference; lastKnownFileType = sourcecode.swift; path = ServiceBase.swift; sourceTree = "<group>"; };
		277F7CEB253A8A9D009B1E7C /* CBTabItemBasicAnimation.swift */ = {isa = PBXFileReference; fileEncoding = 4; lastKnownFileType = sourcecode.swift; path = CBTabItemBasicAnimation.swift; sourceTree = "<group>"; };
		277F7CEC253A8A9D009B1E7C /* CBFlashyTabBar.swift */ = {isa = PBXFileReference; fileEncoding = 4; lastKnownFileType = sourcecode.swift; path = CBFlashyTabBar.swift; sourceTree = "<group>"; };
		277F7CED253A8A9E009B1E7C /* CBFlashyTabBarController.swift */ = {isa = PBXFileReference; fileEncoding = 4; lastKnownFileType = sourcecode.swift; path = CBFlashyTabBarController.swift; sourceTree = "<group>"; };
		277F7CEE253A8A9E009B1E7C /* CBTabItemAnimation.swift */ = {isa = PBXFileReference; fileEncoding = 4; lastKnownFileType = sourcecode.swift; path = CBTabItemAnimation.swift; sourceTree = "<group>"; };
		277F7CEF253A8A9E009B1E7C /* CBTabBarButton.swift */ = {isa = PBXFileReference; fileEncoding = 4; lastKnownFileType = sourcecode.swift; path = CBTabBarButton.swift; sourceTree = "<group>"; };
		277F7CF0253A8A9E009B1E7C /* CBTabItemDeselectAnimation.swift */ = {isa = PBXFileReference; fileEncoding = 4; lastKnownFileType = sourcecode.swift; path = CBTabItemDeselectAnimation.swift; sourceTree = "<group>"; };
		277F7CFA253A8B1D009B1E7C /* CBTabItemSelectAnimation.swift */ = {isa = PBXFileReference; fileEncoding = 4; lastKnownFileType = sourcecode.swift; path = CBTabItemSelectAnimation.swift; sourceTree = "<group>"; };
		277F7CFF253A8C74009B1E7C /* MainTB.swift */ = {isa = PBXFileReference; lastKnownFileType = sourcecode.swift; name = MainTB.swift; path = FootballLeague/Views/MainTB.swift; sourceTree = SOURCE_ROOT; };
		277F7D07253A93D7009B1E7C /* LeagueCell.swift */ = {isa = PBXFileReference; lastKnownFileType = sourcecode.swift; path = LeagueCell.swift; sourceTree = "<group>"; };
		277F7D08253A93D7009B1E7C /* LeagueCell.xib */ = {isa = PBXFileReference; lastKnownFileType = file.xib; path = LeagueCell.xib; sourceTree = "<group>"; };
		277F7D11253A9412009B1E7C /* ViewExt.swift */ = {isa = PBXFileReference; lastKnownFileType = sourcecode.swift; path = ViewExt.swift; sourceTree = "<group>"; };
		277F7D3F253A94DA009B1E7C /* CardView.swift */ = {isa = PBXFileReference; lastKnownFileType = sourcecode.swift; path = CardView.swift; sourceTree = "<group>"; };
		43E3C77439A4E297E8EF126B /* Pods-FootballLeague.release.xcconfig */ = {isa = PBXFileReference; includeInIndex = 1; lastKnownFileType = text.xcconfig; name = "Pods-FootballLeague.release.xcconfig"; path = "Target Support Files/Pods-FootballLeague/Pods-FootballLeague.release.xcconfig"; sourceTree = "<group>"; };
		71A46559A0CEAFD36E77C499 /* Pods-FootballLeague.debug.xcconfig */ = {isa = PBXFileReference; includeInIndex = 1; lastKnownFileType = text.xcconfig; name = "Pods-FootballLeague.debug.xcconfig"; path = "Target Support Files/Pods-FootballLeague/Pods-FootballLeague.debug.xcconfig"; sourceTree = "<group>"; };
		B4951B0198C2611AE06CB7C2 /* Pods_FootballLeague.framework */ = {isa = PBXFileReference; explicitFileType = wrapper.framework; includeInIndex = 0; path = Pods_FootballLeague.framework; sourceTree = BUILT_PRODUCTS_DIR; };
/* End PBXFileReference section */

/* Begin PBXFrameworksBuildPhase section */
		277F7B89253A5A34009B1E7C /* Frameworks */ = {
			isa = PBXFrameworksBuildPhase;
			buildActionMask = 2147483647;
			files = (
				3AA3FF4AF95FFA81F40C692B /* Pods_FootballLeague.framework in Frameworks */,
			);
			runOnlyForDeploymentPostprocessing = 0;
		};
		277F7B9F253A5A3A009B1E7C /* Frameworks */ = {
			isa = PBXFrameworksBuildPhase;
			buildActionMask = 2147483647;
			files = (
			);
			runOnlyForDeploymentPostprocessing = 0;
		};
		277F7BAA253A5A3B009B1E7C /* Frameworks */ = {
			isa = PBXFrameworksBuildPhase;
			buildActionMask = 2147483647;
			files = (
			);
			runOnlyForDeploymentPostprocessing = 0;
		};
/* End PBXFrameworksBuildPhase section */

/* Begin PBXGroup section */
		277F7B83253A5A34009B1E7C = {
			isa = PBXGroup;
			children = (
				277F7B8E253A5A34009B1E7C /* FootballLeague */,
				277F7BA5253A5A3A009B1E7C /* FootballLeagueTests */,
				277F7BB0253A5A3B009B1E7C /* FootballLeagueUITests */,
				277F7B8D253A5A34009B1E7C /* Products */,
				66A63C481BB5625DC3E69A47 /* Pods */,
				F0DDBE9A50C343C2936B6A96 /* Frameworks */,
			);
			sourceTree = "<group>";
		};
		277F7B8D253A5A34009B1E7C /* Products */ = {
			isa = PBXGroup;
			children = (
				277F7B8C253A5A34009B1E7C /* FootballLeague.app */,
				277F7BA2253A5A3A009B1E7C /* FootballLeagueTests.xctest */,
				277F7BAD253A5A3B009B1E7C /* FootballLeagueUITests.xctest */,
			);
			name = Products;
			sourceTree = "<group>";
		};
		277F7B8E253A5A34009B1E7C /* FootballLeague */ = {
			isa = PBXGroup;
			children = (
				277F7D04253A91D3009B1E7C /* UI */,
				277F7CEA253A8A8D009B1E7C /* CBFlashyTabBar */,
				277F7CE1253A7CFA009B1E7C /* NetworkManager */,
				277F7C89253A65D5009B1E7C /* Extensions */,
				277F7C33253A6102009B1E7C /* Controllers */,
				277F7C34253A6115009B1E7C /* Views */,
				277F7C35253A6122009B1E7C /* Models */,
				277F7C36253A6136009B1E7C /* ViewModels */,
				277F7C45253A63F3009B1E7C /* Resources */,
				277F7B9D253A5A3A009B1E7C /* Info.plist */,
				277F7B9A253A5A3A009B1E7C /* LaunchScreen.storyboard */,
			);
			path = FootballLeague;
			sourceTree = "<group>";
		};
		277F7BA5253A5A3A009B1E7C /* FootballLeagueTests */ = {
			isa = PBXGroup;
			children = (
				277F7BA6253A5A3A009B1E7C /* FootballLeagueTests.swift */,
				277F7BA8253A5A3A009B1E7C /* Info.plist */,
			);
			path = FootballLeagueTests;
			sourceTree = "<group>";
		};
		277F7BB0253A5A3B009B1E7C /* FootballLeagueUITests */ = {
			isa = PBXGroup;
			children = (
				277F7BB1253A5A3B009B1E7C /* FootballLeagueUITests.swift */,
				277F7BB3253A5A3B009B1E7C /* Info.plist */,
			);
			path = FootballLeagueUITests;
			sourceTree = "<group>";
		};
		277F7C33253A6102009B1E7C /* Controllers */ = {
			isa = PBXGroup;
			children = (
				277F7B8F253A5A34009B1E7C /* AppDelegate.swift */,
				277F7B91253A5A34009B1E7C /* SceneDelegate.swift */,
			);
			path = Controllers;
			sourceTree = "<group>";
		};
		277F7C34253A6115009B1E7C /* Views */ = {
			isa = PBXGroup;
			children = (
				277F7D05253A9225009B1E7C /* Home */,
			);
			path = Views;
			sourceTree = "<group>";
		};
		277F7C35253A6122009B1E7C /* Models */ = {
			isa = PBXGroup;
			children = (
				277F7C95253A6868009B1E7C /* Team.swift */,
				277F7C9F253A6D8A009B1E7C /* Area.swift */,
				277F7CA5253A7251009B1E7C /* Season.swift */,
				277F7CAA253A73B8009B1E7C /* Competition.swift */,
				277F7CAF253A7506009B1E7C /* CompetitionTeams.swift */,
			);
			path = Models;
			sourceTree = "<group>";
		};
		277F7C36253A6136009B1E7C /* ViewModels */ = {
			isa = PBXGroup;
			children = (
				277F7C9A253A68C5009B1E7C /* TeamVM.swift */,
				277F7CBA253A78BE009B1E7C /* CompetitionTeamsVM.swift */,
				277F7CFF253A8C74009B1E7C /* MainTB.swift */,
			);
			path = ViewModels;
			sourceTree = "<group>";
		};
		277F7C45253A63F3009B1E7C /* Resources */ = {
			isa = PBXGroup;
			children = (
				277F7B98253A5A3A009B1E7C /* Assets.xcassets */,
			);
			path = Resources;
			sourceTree = "<group>";
		};
		277F7C89253A65D5009B1E7C /* Extensions */ = {
			isa = PBXGroup;
			children = (
				277F7C8D253A6796009B1E7C /* ColorExt.swift */,
				277F7D11253A9412009B1E7C /* ViewExt.swift */,
			);
			path = Extensions;
			sourceTree = "<group>";
		};
		277F7CE1253A7CFA009B1E7C /* NetworkManager */ = {
			isa = PBXGroup;
			children = (
				277F7CE2253A7D0B009B1E7C /* ServiceBase.swift */,
			);
			path = NetworkManager;
			sourceTree = "<group>";
		};
		277F7CEA253A8A8D009B1E7C /* CBFlashyTabBar */ = {
			isa = PBXGroup;
			children = (
				277F7CFA253A8B1D009B1E7C /* CBTabItemSelectAnimation.swift */,
				277F7CEC253A8A9D009B1E7C /* CBFlashyTabBar.swift */,
				277F7CED253A8A9E009B1E7C /* CBFlashyTabBarController.swift */,
				277F7CEF253A8A9E009B1E7C /* CBTabBarButton.swift */,
				277F7CEE253A8A9E009B1E7C /* CBTabItemAnimation.swift */,
				277F7CEB253A8A9D009B1E7C /* CBTabItemBasicAnimation.swift */,
				277F7CF0253A8A9E009B1E7C /* CBTabItemDeselectAnimation.swift */,
			);
			path = CBFlashyTabBar;
			sourceTree = "<group>";
		};
		277F7D04253A91D3009B1E7C /* UI */ = {
			isa = PBXGroup;
			children = (
				277F7B95253A5A34009B1E7C /* Main.storyboard */,
				277F7D3F253A94DA009B1E7C /* CardView.swift */,
			);
			path = UI;
			sourceTree = "<group>";
		};
		277F7D05253A9225009B1E7C /* Home */ = {
			isa = PBXGroup;
			children = (
				277F7D06253A9381009B1E7C /* TableViewCells */,
				277F7B93253A5A34009B1E7C /* HomeVC.swift */,
			);
			path = Home;
			sourceTree = "<group>";
		};
		277F7D06253A9381009B1E7C /* TableViewCells */ = {
			isa = PBXGroup;
			children = (
				277F7D07253A93D7009B1E7C /* LeagueCell.swift */,
				277F7D08253A93D7009B1E7C /* LeagueCell.xib */,
			);
			path = TableViewCells;
			sourceTree = "<group>";
		};
		66A63C481BB5625DC3E69A47 /* Pods */ = {
			isa = PBXGroup;
			children = (
				71A46559A0CEAFD36E77C499 /* Pods-FootballLeague.debug.xcconfig */,
				43E3C77439A4E297E8EF126B /* Pods-FootballLeague.release.xcconfig */,
			);
			path = Pods;
			sourceTree = "<group>";
		};
		F0DDBE9A50C343C2936B6A96 /* Frameworks */ = {
			isa = PBXGroup;
			children = (
				B4951B0198C2611AE06CB7C2 /* Pods_FootballLeague.framework */,
			);
			name = Frameworks;
			sourceTree = "<group>";
		};
/* End PBXGroup section */

/* Begin PBXNativeTarget section */
		277F7B8B253A5A34009B1E7C /* FootballLeague */ = {
			isa = PBXNativeTarget;
			buildConfigurationList = 277F7BB6253A5A3B009B1E7C /* Build configuration list for PBXNativeTarget "FootballLeague" */;
			buildPhases = (
				7FB4AD02B7C01D7C8FC368ED /* [CP] Check Pods Manifest.lock */,
				277F7B88253A5A34009B1E7C /* Sources */,
				277F7B89253A5A34009B1E7C /* Frameworks */,
				277F7B8A253A5A34009B1E7C /* Resources */,
				158C9B7FF284E939EBCA0883 /* [CP] Embed Pods Frameworks */,
			);
			buildRules = (
			);
			dependencies = (
			);
			name = FootballLeague;
			productName = FootballLeague;
			productReference = 277F7B8C253A5A34009B1E7C /* FootballLeague.app */;
			productType = "com.apple.product-type.application";
		};
		277F7BA1253A5A3A009B1E7C /* FootballLeagueTests */ = {
			isa = PBXNativeTarget;
			buildConfigurationList = 277F7BB9253A5A3B009B1E7C /* Build configuration list for PBXNativeTarget "FootballLeagueTests" */;
			buildPhases = (
				277F7B9E253A5A3A009B1E7C /* Sources */,
				277F7B9F253A5A3A009B1E7C /* Frameworks */,
				277F7BA0253A5A3A009B1E7C /* Resources */,
			);
			buildRules = (
			);
			dependencies = (
				277F7BA4253A5A3A009B1E7C /* PBXTargetDependency */,
			);
			name = FootballLeagueTests;
			productName = FootballLeagueTests;
			productReference = 277F7BA2253A5A3A009B1E7C /* FootballLeagueTests.xctest */;
			productType = "com.apple.product-type.bundle.unit-test";
		};
		277F7BAC253A5A3B009B1E7C /* FootballLeagueUITests */ = {
			isa = PBXNativeTarget;
			buildConfigurationList = 277F7BBC253A5A3B009B1E7C /* Build configuration list for PBXNativeTarget "FootballLeagueUITests" */;
			buildPhases = (
				277F7BA9253A5A3B009B1E7C /* Sources */,
				277F7BAA253A5A3B009B1E7C /* Frameworks */,
				277F7BAB253A5A3B009B1E7C /* Resources */,
			);
			buildRules = (
			);
			dependencies = (
				277F7BAF253A5A3B009B1E7C /* PBXTargetDependency */,
			);
			name = FootballLeagueUITests;
			productName = FootballLeagueUITests;
			productReference = 277F7BAD253A5A3B009B1E7C /* FootballLeagueUITests.xctest */;
			productType = "com.apple.product-type.bundle.ui-testing";
		};
/* End PBXNativeTarget section */

/* Begin PBXProject section */
		277F7B84253A5A34009B1E7C /* Project object */ = {
			isa = PBXProject;
			attributes = {
				LastSwiftUpdateCheck = 1200;
				LastUpgradeCheck = 1200;
				TargetAttributes = {
					277F7B8B253A5A34009B1E7C = {
						CreatedOnToolsVersion = 12.0;
					};
					277F7BA1253A5A3A009B1E7C = {
						CreatedOnToolsVersion = 12.0;
						TestTargetID = 277F7B8B253A5A34009B1E7C;
					};
					277F7BAC253A5A3B009B1E7C = {
						CreatedOnToolsVersion = 12.0;
						TestTargetID = 277F7B8B253A5A34009B1E7C;
					};
				};
			};
			buildConfigurationList = 277F7B87253A5A34009B1E7C /* Build configuration list for PBXProject "FootballLeague" */;
			compatibilityVersion = "Xcode 9.3";
			developmentRegion = en;
			hasScannedForEncodings = 0;
			knownRegions = (
				en,
				Base,
			);
			mainGroup = 277F7B83253A5A34009B1E7C;
			productRefGroup = 277F7B8D253A5A34009B1E7C /* Products */;
			projectDirPath = "";
			projectRoot = "";
			targets = (
				277F7B8B253A5A34009B1E7C /* FootballLeague */,
				277F7BA1253A5A3A009B1E7C /* FootballLeagueTests */,
				277F7BAC253A5A3B009B1E7C /* FootballLeagueUITests */,
			);
		};
/* End PBXProject section */

/* Begin PBXResourcesBuildPhase section */
		277F7B8A253A5A34009B1E7C /* Resources */ = {
			isa = PBXResourcesBuildPhase;
			buildActionMask = 2147483647;
			files = (
				277F7B9C253A5A3A009B1E7C /* LaunchScreen.storyboard in Resources */,
				277F7B99253A5A3A009B1E7C /* Assets.xcassets in Resources */,
				277F7D0A253A93D7009B1E7C /* LeagueCell.xib in Resources */,
				277F7B97253A5A34009B1E7C /* Main.storyboard in Resources */,
			);
			runOnlyForDeploymentPostprocessing = 0;
		};
		277F7BA0253A5A3A009B1E7C /* Resources */ = {
			isa = PBXResourcesBuildPhase;
			buildActionMask = 2147483647;
			files = (
			);
			runOnlyForDeploymentPostprocessing = 0;
		};
		277F7BAB253A5A3B009B1E7C /* Resources */ = {
			isa = PBXResourcesBuildPhase;
			buildActionMask = 2147483647;
			files = (
			);
			runOnlyForDeploymentPostprocessing = 0;
		};
/* End PBXResourcesBuildPhase section */

/* Begin PBXShellScriptBuildPhase section */
		158C9B7FF284E939EBCA0883 /* [CP] Embed Pods Frameworks */ = {
			isa = PBXShellScriptBuildPhase;
			buildActionMask = 2147483647;
			files = (
			);
			inputFileListPaths = (
				"${PODS_ROOT}/Target Support Files/Pods-FootballLeague/Pods-FootballLeague-frameworks-${CONFIGURATION}-input-files.xcfilelist",
			);
			name = "[CP] Embed Pods Frameworks";
			outputFileListPaths = (
				"${PODS_ROOT}/Target Support Files/Pods-FootballLeague/Pods-FootballLeague-frameworks-${CONFIGURATION}-output-files.xcfilelist",
			);
			runOnlyForDeploymentPostprocessing = 0;
			shellPath = /bin/sh;
			shellScript = "\"${PODS_ROOT}/Target Support Files/Pods-FootballLeague/Pods-FootballLeague-frameworks.sh\"\n";
			showEnvVarsInLog = 0;
		};
		7FB4AD02B7C01D7C8FC368ED /* [CP] Check Pods Manifest.lock */ = {
			isa = PBXShellScriptBuildPhase;
			buildActionMask = 2147483647;
			files = (
			);
			inputFileListPaths = (
			);
			inputPaths = (
				"${PODS_PODFILE_DIR_PATH}/Podfile.lock",
				"${PODS_ROOT}/Manifest.lock",
			);
			name = "[CP] Check Pods Manifest.lock";
			outputFileListPaths = (
			);
			outputPaths = (
				"$(DERIVED_FILE_DIR)/Pods-FootballLeague-checkManifestLockResult.txt",
			);
			runOnlyForDeploymentPostprocessing = 0;
			shellPath = /bin/sh;
			shellScript = "diff \"${PODS_PODFILE_DIR_PATH}/Podfile.lock\" \"${PODS_ROOT}/Manifest.lock\" > /dev/null\nif [ $? != 0 ] ; then\n    # print error to STDERR\n    echo \"error: The sandbox is not in sync with the Podfile.lock. Run 'pod install' or update your CocoaPods installation.\" >&2\n    exit 1\nfi\n# This output is used by Xcode 'outputs' to avoid re-running this script phase.\necho \"SUCCESS\" > \"${SCRIPT_OUTPUT_FILE_0}\"\n";
			showEnvVarsInLog = 0;
		};
/* End PBXShellScriptBuildPhase section */

/* Begin PBXSourcesBuildPhase section */
		277F7B88253A5A34009B1E7C /* Sources */ = {
			isa = PBXSourcesBuildPhase;
			buildActionMask = 2147483647;
			files = (
				277F7CA6253A7251009B1E7C /* Season.swift in Sources */,
				277F7B94253A5A34009B1E7C /* HomeVC.swift in Sources */,
				277F7CB0253A7506009B1E7C /* CompetitionTeams.swift in Sources */,
				277F7CF3253A8A9E009B1E7C /* CBFlashyTabBarController.swift in Sources */,
				277F7D12253A9412009B1E7C /* ViewExt.swift in Sources */,
				277F7CF6253A8A9E009B1E7C /* CBTabItemDeselectAnimation.swift in Sources */,
				277F7CAB253A73B8009B1E7C /* Competition.swift in Sources */,
				277F7D00253A8C74009B1E7C /* MainTB.swift in Sources */,
				277F7CA0253A6D8A009B1E7C /* Area.swift in Sources */,
				277F7CF1253A8A9E009B1E7C /* CBTabItemBasicAnimation.swift in Sources */,
				277F7C9B253A68C5009B1E7C /* TeamVM.swift in Sources */,
				277F7C8E253A6796009B1E7C /* ColorExt.swift in Sources */,
				277F7B90253A5A34009B1E7C /* AppDelegate.swift in Sources */,
				277F7CF2253A8A9E009B1E7C /* CBFlashyTabBar.swift in Sources */,
				277F7CFB253A8B1D009B1E7C /* CBTabItemSelectAnimation.swift in Sources */,
				277F7CE3253A7D0B009B1E7C /* ServiceBase.swift in Sources */,
				277F7C96253A6868009B1E7C /* Team.swift in Sources */,
				277F7CBB253A78BE009B1E7C /* CompetitionTeamsVM.swift in Sources */,
				277F7D40253A94DA009B1E7C /* CardView.swift in Sources */,
				277F7CF4253A8A9E009B1E7C /* CBTabItemAnimation.swift in Sources */,
				277F7CF5253A8A9E009B1E7C /* CBTabBarButton.swift in Sources */,
				277F7D09253A93D7009B1E7C /* LeagueCell.swift in Sources */,
				277F7B92253A5A34009B1E7C /* SceneDelegate.swift in Sources */,
			);
			runOnlyForDeploymentPostprocessing = 0;
		};
		277F7B9E253A5A3A009B1E7C /* Sources */ = {
			isa = PBXSourcesBuildPhase;
			buildActionMask = 2147483647;
			files = (
				277F7BA7253A5A3A009B1E7C /* FootballLeagueTests.swift in Sources */,
			);
			runOnlyForDeploymentPostprocessing = 0;
		};
		277F7BA9253A5A3B009B1E7C /* Sources */ = {
			isa = PBXSourcesBuildPhase;
			buildActionMask = 2147483647;
			files = (
				277F7BB2253A5A3B009B1E7C /* FootballLeagueUITests.swift in Sources */,
			);
			runOnlyForDeploymentPostprocessing = 0;
		};
/* End PBXSourcesBuildPhase section */

/* Begin PBXTargetDependency section */
		277F7BA4253A5A3A009B1E7C /* PBXTargetDependency */ = {
			isa = PBXTargetDependency;
			target = 277F7B8B253A5A34009B1E7C /* FootballLeague */;
			targetProxy = 277F7BA3253A5A3A009B1E7C /* PBXContainerItemProxy */;
		};
		277F7BAF253A5A3B009B1E7C /* PBXTargetDependency */ = {
			isa = PBXTargetDependency;
			target = 277F7B8B253A5A34009B1E7C /* FootballLeague */;
			targetProxy = 277F7BAE253A5A3B009B1E7C /* PBXContainerItemProxy */;
		};
/* End PBXTargetDependency section */

/* Begin PBXVariantGroup section */
		277F7B95253A5A34009B1E7C /* Main.storyboard */ = {
			isa = PBXVariantGroup;
			children = (
				277F7B96253A5A34009B1E7C /* Base */,
			);
			name = Main.storyboard;
			sourceTree = "<group>";
		};
		277F7B9A253A5A3A009B1E7C /* LaunchScreen.storyboard */ = {
			isa = PBXVariantGroup;
			children = (
				277F7B9B253A5A3A009B1E7C /* Base */,
			);
			name = LaunchScreen.storyboard;
			sourceTree = "<group>";
		};
/* End PBXVariantGroup section */

/* Begin XCBuildConfiguration section */
		277F7BB4253A5A3B009B1E7C /* Debug */ = {
			isa = XCBuildConfiguration;
			buildSettings = {
				ALWAYS_SEARCH_USER_PATHS = NO;
				CLANG_ANALYZER_NONNULL = YES;
				CLANG_ANALYZER_NUMBER_OBJECT_CONVERSION = YES_AGGRESSIVE;
				CLANG_CXX_LANGUAGE_STANDARD = "gnu++14";
				CLANG_CXX_LIBRARY = "libc++";
				CLANG_ENABLE_MODULES = YES;
				CLANG_ENABLE_OBJC_ARC = YES;
				CLANG_ENABLE_OBJC_WEAK = YES;
				CLANG_WARN_BLOCK_CAPTURE_AUTORELEASING = YES;
				CLANG_WARN_BOOL_CONVERSION = YES;
				CLANG_WARN_COMMA = YES;
				CLANG_WARN_CONSTANT_CONVERSION = YES;
				CLANG_WARN_DEPRECATED_OBJC_IMPLEMENTATIONS = YES;
				CLANG_WARN_DIRECT_OBJC_ISA_USAGE = YES_ERROR;
				CLANG_WARN_DOCUMENTATION_COMMENTS = YES;
				CLANG_WARN_EMPTY_BODY = YES;
				CLANG_WARN_ENUM_CONVERSION = YES;
				CLANG_WARN_INFINITE_RECURSION = YES;
				CLANG_WARN_INT_CONVERSION = YES;
				CLANG_WARN_NON_LITERAL_NULL_CONVERSION = YES;
				CLANG_WARN_OBJC_IMPLICIT_RETAIN_SELF = YES;
				CLANG_WARN_OBJC_LITERAL_CONVERSION = YES;
				CLANG_WARN_OBJC_ROOT_CLASS = YES_ERROR;
				CLANG_WARN_QUOTED_INCLUDE_IN_FRAMEWORK_HEADER = YES;
				CLANG_WARN_RANGE_LOOP_ANALYSIS = YES;
				CLANG_WARN_STRICT_PROTOTYPES = YES;
				CLANG_WARN_SUSPICIOUS_MOVE = YES;
				CLANG_WARN_UNGUARDED_AVAILABILITY = YES_AGGRESSIVE;
				CLANG_WARN_UNREACHABLE_CODE = YES;
				CLANG_WARN__DUPLICATE_METHOD_MATCH = YES;
				COPY_PHASE_STRIP = NO;
				DEBUG_INFORMATION_FORMAT = dwarf;
				ENABLE_STRICT_OBJC_MSGSEND = YES;
				ENABLE_TESTABILITY = YES;
				GCC_C_LANGUAGE_STANDARD = gnu11;
				GCC_DYNAMIC_NO_PIC = NO;
				GCC_NO_COMMON_BLOCKS = YES;
				GCC_OPTIMIZATION_LEVEL = 0;
				GCC_PREPROCESSOR_DEFINITIONS = (
					"DEBUG=1",
					"$(inherited)",
				);
				GCC_WARN_64_TO_32_BIT_CONVERSION = YES;
				GCC_WARN_ABOUT_RETURN_TYPE = YES_ERROR;
				GCC_WARN_UNDECLARED_SELECTOR = YES;
				GCC_WARN_UNINITIALIZED_AUTOS = YES_AGGRESSIVE;
				GCC_WARN_UNUSED_FUNCTION = YES;
				GCC_WARN_UNUSED_VARIABLE = YES;
				IPHONEOS_DEPLOYMENT_TARGET = 14.0;
				MTL_ENABLE_DEBUG_INFO = INCLUDE_SOURCE;
				MTL_FAST_MATH = YES;
				ONLY_ACTIVE_ARCH = YES;
				SDKROOT = iphoneos;
				SWIFT_ACTIVE_COMPILATION_CONDITIONS = DEBUG;
				SWIFT_OPTIMIZATION_LEVEL = "-Onone";
			};
			name = Debug;
		};
		277F7BB5253A5A3B009B1E7C /* Release */ = {
			isa = XCBuildConfiguration;
			buildSettings = {
				ALWAYS_SEARCH_USER_PATHS = NO;
				CLANG_ANALYZER_NONNULL = YES;
				CLANG_ANALYZER_NUMBER_OBJECT_CONVERSION = YES_AGGRESSIVE;
				CLANG_CXX_LANGUAGE_STANDARD = "gnu++14";
				CLANG_CXX_LIBRARY = "libc++";
				CLANG_ENABLE_MODULES = YES;
				CLANG_ENABLE_OBJC_ARC = YES;
				CLANG_ENABLE_OBJC_WEAK = YES;
				CLANG_WARN_BLOCK_CAPTURE_AUTORELEASING = YES;
				CLANG_WARN_BOOL_CONVERSION = YES;
				CLANG_WARN_COMMA = YES;
				CLANG_WARN_CONSTANT_CONVERSION = YES;
				CLANG_WARN_DEPRECATED_OBJC_IMPLEMENTATIONS = YES;
				CLANG_WARN_DIRECT_OBJC_ISA_USAGE = YES_ERROR;
				CLANG_WARN_DOCUMENTATION_COMMENTS = YES;
				CLANG_WARN_EMPTY_BODY = YES;
				CLANG_WARN_ENUM_CONVERSION = YES;
				CLANG_WARN_INFINITE_RECURSION = YES;
				CLANG_WARN_INT_CONVERSION = YES;
				CLANG_WARN_NON_LITERAL_NULL_CONVERSION = YES;
				CLANG_WARN_OBJC_IMPLICIT_RETAIN_SELF = YES;
				CLANG_WARN_OBJC_LITERAL_CONVERSION = YES;
				CLANG_WARN_OBJC_ROOT_CLASS = YES_ERROR;
				CLANG_WARN_QUOTED_INCLUDE_IN_FRAMEWORK_HEADER = YES;
				CLANG_WARN_RANGE_LOOP_ANALYSIS = YES;
				CLANG_WARN_STRICT_PROTOTYPES = YES;
				CLANG_WARN_SUSPICIOUS_MOVE = YES;
				CLANG_WARN_UNGUARDED_AVAILABILITY = YES_AGGRESSIVE;
				CLANG_WARN_UNREACHABLE_CODE = YES;
				CLANG_WARN__DUPLICATE_METHOD_MATCH = YES;
				COPY_PHASE_STRIP = NO;
				DEBUG_INFORMATION_FORMAT = "dwarf-with-dsym";
				ENABLE_NS_ASSERTIONS = NO;
				ENABLE_STRICT_OBJC_MSGSEND = YES;
				GCC_C_LANGUAGE_STANDARD = gnu11;
				GCC_NO_COMMON_BLOCKS = YES;
				GCC_WARN_64_TO_32_BIT_CONVERSION = YES;
				GCC_WARN_ABOUT_RETURN_TYPE = YES_ERROR;
				GCC_WARN_UNDECLARED_SELECTOR = YES;
				GCC_WARN_UNINITIALIZED_AUTOS = YES_AGGRESSIVE;
				GCC_WARN_UNUSED_FUNCTION = YES;
				GCC_WARN_UNUSED_VARIABLE = YES;
				IPHONEOS_DEPLOYMENT_TARGET = 14.0;
				MTL_ENABLE_DEBUG_INFO = NO;
				MTL_FAST_MATH = YES;
				SDKROOT = iphoneos;
				SWIFT_COMPILATION_MODE = wholemodule;
				SWIFT_OPTIMIZATION_LEVEL = "-O";
				VALIDATE_PRODUCT = YES;
			};
			name = Release;
		};
		277F7BB7253A5A3B009B1E7C /* Debug */ = {
			isa = XCBuildConfiguration;
			baseConfigurationReference = 71A46559A0CEAFD36E77C499 /* Pods-FootballLeague.debug.xcconfig */;
			buildSettings = {
				ASSETCATALOG_COMPILER_APPICON_NAME = AppIcon;
				ASSETCATALOG_COMPILER_GLOBAL_ACCENT_COLOR_NAME = AccentColor;
				CODE_SIGN_STYLE = Automatic;
				INFOPLIST_FILE = FootballLeague/Info.plist;
				LD_RUNPATH_SEARCH_PATHS = (
					"$(inherited)",
					"@executable_path/Frameworks",
				);
				PRODUCT_BUNDLE_IDENTIFIER = com.orcas.footballleague;
				PRODUCT_NAME = "$(TARGET_NAME)";
				SWIFT_VERSION = 5.0;
				TARGETED_DEVICE_FAMILY = "1,2";
			};
			name = Debug;
		};
		277F7BB8253A5A3B009B1E7C /* Release */ = {
			isa = XCBuildConfiguration;
			baseConfigurationReference = 43E3C77439A4E297E8EF126B /* Pods-FootballLeague.release.xcconfig */;
			buildSettings = {
				ASSETCATALOG_COMPILER_APPICON_NAME = AppIcon;
				ASSETCATALOG_COMPILER_GLOBAL_ACCENT_COLOR_NAME = AccentColor;
				CODE_SIGN_STYLE = Automatic;
				INFOPLIST_FILE = FootballLeague/Info.plist;
				LD_RUNPATH_SEARCH_PATHS = (
					"$(inherited)",
					"@executable_path/Frameworks",
				);
				PRODUCT_BUNDLE_IDENTIFIER = com.orcas.footballleague;
				PRODUCT_NAME = "$(TARGET_NAME)";
				SWIFT_VERSION = 5.0;
				TARGETED_DEVICE_FAMILY = "1,2";
			};
			name = Release;
		};
		277F7BBA253A5A3B009B1E7C /* Debug */ = {
			isa = XCBuildConfiguration;
			buildSettings = {
				ALWAYS_EMBED_SWIFT_STANDARD_LIBRARIES = YES;
				BUNDLE_LOADER = "$(TEST_HOST)";
				CODE_SIGN_STYLE = Automatic;
				INFOPLIST_FILE = FootballLeagueTests/Info.plist;
				IPHONEOS_DEPLOYMENT_TARGET = 14.0;
				LD_RUNPATH_SEARCH_PATHS = (
					"$(inherited)",
					"@executable_path/Frameworks",
					"@loader_path/Frameworks",
				);
				PRODUCT_BUNDLE_IDENTIFIER = com.orcas.FootballLeagueTests;
				PRODUCT_NAME = "$(TARGET_NAME)";
				SWIFT_VERSION = 5.0;
				TARGETED_DEVICE_FAMILY = "1,2";
				TEST_HOST = "$(BUILT_PRODUCTS_DIR)/FootballLeague.app/FootballLeague";
			};
			name = Debug;
		};
		277F7BBB253A5A3B009B1E7C /* Release */ = {
			isa = XCBuildConfiguration;
			buildSettings = {
				ALWAYS_EMBED_SWIFT_STANDARD_LIBRARIES = YES;
				BUNDLE_LOADER = "$(TEST_HOST)";
				CODE_SIGN_STYLE = Automatic;
				INFOPLIST_FILE = FootballLeagueTests/Info.plist;
				IPHONEOS_DEPLOYMENT_TARGET = 14.0;
				LD_RUNPATH_SEARCH_PATHS = (
					"$(inherited)",
					"@executable_path/Frameworks",
					"@loader_path/Frameworks",
				);
				PRODUCT_BUNDLE_IDENTIFIER = com.orcas.FootballLeagueTests;
				PRODUCT_NAME = "$(TARGET_NAME)";
				SWIFT_VERSION = 5.0;
				TARGETED_DEVICE_FAMILY = "1,2";
				TEST_HOST = "$(BUILT_PRODUCTS_DIR)/FootballLeague.app/FootballLeague";
			};
			name = Release;
		};
		277F7BBD253A5A3B009B1E7C /* Debug */ = {
			isa = XCBuildConfiguration;
			buildSettings = {
				ALWAYS_EMBED_SWIFT_STANDARD_LIBRARIES = YES;
				CODE_SIGN_STYLE = Automatic;
				INFOPLIST_FILE = FootballLeagueUITests/Info.plist;
				LD_RUNPATH_SEARCH_PATHS = (
					"$(inherited)",
					"@executable_path/Frameworks",
					"@loader_path/Frameworks",
				);
				PRODUCT_BUNDLE_IDENTIFIER = com.orcas.FootballLeagueUITests;
				PRODUCT_NAME = "$(TARGET_NAME)";
				SWIFT_VERSION = 5.0;
				TARGETED_DEVICE_FAMILY = "1,2";
				TEST_TARGET_NAME = FootballLeague;
			};
			name = Debug;
		};
		277F7BBE253A5A3B009B1E7C /* Release */ = {
			isa = XCBuildConfiguration;
			buildSettings = {
				ALWAYS_EMBED_SWIFT_STANDARD_LIBRARIES = YES;
				CODE_SIGN_STYLE = Automatic;
				INFOPLIST_FILE = FootballLeagueUITests/Info.plist;
				LD_RUNPATH_SEARCH_PATHS = (
					"$(inherited)",
					"@executable_path/Frameworks",
					"@loader_path/Frameworks",
				);
				PRODUCT_BUNDLE_IDENTIFIER = com.orcas.FootballLeagueUITests;
				PRODUCT_NAME = "$(TARGET_NAME)";
				SWIFT_VERSION = 5.0;
				TARGETED_DEVICE_FAMILY = "1,2";
				TEST_TARGET_NAME = FootballLeague;
			};
			name = Release;
		};
/* End XCBuildConfiguration section */

/* Begin XCConfigurationList section */
		277F7B87253A5A34009B1E7C /* Build configuration list for PBXProject "FootballLeague" */ = {
			isa = XCConfigurationList;
			buildConfigurations = (
				277F7BB4253A5A3B009B1E7C /* Debug */,
				277F7BB5253A5A3B009B1E7C /* Release */,
			);
			defaultConfigurationIsVisible = 0;
			defaultConfigurationName = Release;
		};
		277F7BB6253A5A3B009B1E7C /* Build configuration list for PBXNativeTarget "FootballLeague" */ = {
			isa = XCConfigurationList;
			buildConfigurations = (
				277F7BB7253A5A3B009B1E7C /* Debug */,
				277F7BB8253A5A3B009B1E7C /* Release */,
			);
			defaultConfigurationIsVisible = 0;
			defaultConfigurationName = Release;
		};
		277F7BB9253A5A3B009B1E7C /* Build configuration list for PBXNativeTarget "FootballLeagueTests" */ = {
			isa = XCConfigurationList;
			buildConfigurations = (
				277F7BBA253A5A3B009B1E7C /* Debug */,
				277F7BBB253A5A3B009B1E7C /* Release */,
			);
			defaultConfigurationIsVisible = 0;
			defaultConfigurationName = Release;
		};
		277F7BBC253A5A3B009B1E7C /* Build configuration list for PBXNativeTarget "FootballLeagueUITests" */ = {
			isa = XCConfigurationList;
			buildConfigurations = (
				277F7BBD253A5A3B009B1E7C /* Debug */,
				277F7BBE253A5A3B009B1E7C /* Release */,
			);
			defaultConfigurationIsVisible = 0;
			defaultConfigurationName = Release;
		};
/* End XCConfigurationList section */
	};
	rootObject = 277F7B84253A5A34009B1E7C /* Project object */;
}
